// !$*UTF8*$!
{
	archiveVersion = 1;
	classes = {
	};
	objectVersion = 55;
	objects = {

/* Begin PBXBuildFile section */
		83F3FA72277CAE58009ABA39 /* AppDelegate.swift in Sources */ = {isa = PBXBuildFile; fileRef = 83F3FA71277CAE58009ABA39 /* AppDelegate.swift */; };
		83F3FA74277CAE58009ABA39 /* SceneDelegate.swift in Sources */ = {isa = PBXBuildFile; fileRef = 83F3FA73277CAE58009ABA39 /* SceneDelegate.swift */; };
		83F3FA76277CAE58009ABA39 /* ViewController.swift in Sources */ = {isa = PBXBuildFile; fileRef = 83F3FA75277CAE58009ABA39 /* ViewController.swift */; };
		83F3FA79277CAE58009ABA39 /* Main.storyboard in Resources */ = {isa = PBXBuildFile; fileRef = 83F3FA77277CAE58009ABA39 /* Main.storyboard */; };
		83F3FA7C277CAE58009ABA39 /* ListProject.xcdatamodeld in Sources */ = {isa = PBXBuildFile; fileRef = 83F3FA7A277CAE58009ABA39 /* ListProject.xcdatamodeld */; };
		83F3FA7E277CAE5A009ABA39 /* Assets.xcassets in Resources */ = {isa = PBXBuildFile; fileRef = 83F3FA7D277CAE5A009ABA39 /* Assets.xcassets */; };
		83F3FA81277CAE5A009ABA39 /* LaunchScreen.storyboard in Resources */ = {isa = PBXBuildFile; fileRef = 83F3FA7F277CAE5A009ABA39 /* LaunchScreen.storyboard */; };
		83F3FA8A277CAE83009ABA39 /* API.swift in Sources */ = {isa = PBXBuildFile; fileRef = 83F3FA89277CAE83009ABA39 /* API.swift */; };
		83F3FA8E277CAFF6009ABA39 /* Employee.swift in Sources */ = {isa = PBXBuildFile; fileRef = 83F3FA8D277CAFF6009ABA39 /* Employee.swift */; };
		83F3FA98277CC06C009ABA39 /* ListViewModel.swift in Sources */ = {isa = PBXBuildFile; fileRef = 83F3FA97277CC06C009ABA39 /* ListViewModel.swift */; };
		83F3FA9D277CCE97009ABA39 /* ListTableViewCell.swift in Sources */ = {isa = PBXBuildFile; fileRef = 83F3FA9B277CCE97009ABA39 /* ListTableViewCell.swift */; };
		83F3FA9E277CCE97009ABA39 /* ListTableViewCell.xib in Resources */ = {isa = PBXBuildFile; fileRef = 83F3FA9C277CCE97009ABA39 /* ListTableViewCell.xib */; };
/* End PBXBuildFile section */

/* Begin PBXFileReference section */
		8301697D277CF0AB000FFB0F /* Employ+CoreDataClass.swift */ = {isa = PBXFileReference; lastKnownFileType = sourcecode.swift; path = "Employ+CoreDataClass.swift"; sourceTree = "<group>"; };
		8301697E277CF0AB000FFB0F /* Employ+CoreDataProperties.swift */ = {isa = PBXFileReference; lastKnownFileType = sourcecode.swift; path = "Employ+CoreDataProperties.swift"; sourceTree = "<group>"; };
		83F3FA6E277CAE58009ABA39 /* ListProject.app */ = {isa = PBXFileReference; explicitFileType = wrapper.application; includeInIndex = 0; path = ListProject.app; sourceTree = BUILT_PRODUCTS_DIR; };
		83F3FA71277CAE58009ABA39 /* AppDelegate.swift */ = {isa = PBXFileReference; lastKnownFileType = sourcecode.swift; path = AppDelegate.swift; sourceTree = "<group>"; };
		83F3FA73277CAE58009ABA39 /* SceneDelegate.swift */ = {isa = PBXFileReference; lastKnownFileType = sourcecode.swift; path = SceneDelegate.swift; sourceTree = "<group>"; };
		83F3FA75277CAE58009ABA39 /* ViewController.swift */ = {isa = PBXFileReference; lastKnownFileType = sourcecode.swift; path = ViewController.swift; sourceTree = "<group>"; };
		83F3FA78277CAE58009ABA39 /* Base */ = {isa = PBXFileReference; lastKnownFileType = file.storyboard; name = Base; path = Base.lproj/Main.storyboard; sourceTree = "<group>"; };
		83F3FA7B277CAE58009ABA39 /* ListProject.xcdatamodel */ = {isa = PBXFileReference; lastKnownFileType = wrapper.xcdatamodel; path = ListProject.xcdatamodel; sourceTree = "<group>"; };
		83F3FA7D277CAE5A009ABA39 /* Assets.xcassets */ = {isa = PBXFileReference; lastKnownFileType = folder.assetcatalog; path = Assets.xcassets; sourceTree = "<group>"; };
		83F3FA80277CAE5A009ABA39 /* Base */ = {isa = PBXFileReference; lastKnownFileType = file.storyboard; name = Base; path = Base.lproj/LaunchScreen.storyboard; sourceTree = "<group>"; };
		83F3FA82277CAE5A009ABA39 /* Info.plist */ = {isa = PBXFileReference; lastKnownFileType = text.plist.xml; path = Info.plist; sourceTree = "<group>"; };
		83F3FA89277CAE83009ABA39 /* API.swift */ = {isa = PBXFileReference; lastKnownFileType = sourcecode.swift; path = API.swift; sourceTree = "<group>"; };
		83F3FA8D277CAFF6009ABA39 /* Employee.swift */ = {isa = PBXFileReference; lastKnownFileType = sourcecode.swift; path = Employee.swift; sourceTree = "<group>"; };
		83F3FA97277CC06C009ABA39 /* ListViewModel.swift */ = {isa = PBXFileReference; lastKnownFileType = sourcecode.swift; path = ListViewModel.swift; sourceTree = "<group>"; };
		83F3FA9B277CCE97009ABA39 /* ListTableViewCell.swift */ = {isa = PBXFileReference; lastKnownFileType = sourcecode.swift; path = ListTableViewCell.swift; sourceTree = "<group>"; };
		83F3FA9C277CCE97009ABA39 /* ListTableViewCell.xib */ = {isa = PBXFileReference; lastKnownFileType = file.xib; path = ListTableViewCell.xib; sourceTree = "<group>"; };
/* End PBXFileReference section */

/* Begin PBXFrameworksBuildPhase section */
		83F3FA6B277CAE58009ABA39 /* Frameworks */ = {
			isa = PBXFrameworksBuildPhase;
			buildActionMask = 2147483647;
			files = (
			);
			runOnlyForDeploymentPostprocessing = 0;
		};
/* End PBXFrameworksBuildPhase section */

/* Begin PBXGroup section */
		83F3FA65277CAE58009ABA39 = {
			isa = PBXGroup;
			children = (
				83F3FA82277CAE5A009ABA39 /* Info.plist */,
				83F3FA70277CAE58009ABA39 /* ListProject */,
				83F3FA6F277CAE58009ABA39 /* Products */,
			);
			sourceTree = "<group>";
		};
		83F3FA6F277CAE58009ABA39 /* Products */ = {
			isa = PBXGroup;
			children = (
				83F3FA6E277CAE58009ABA39 /* ListProject.app */,
			);
			name = Products;
			sourceTree = "<group>";
		};
		83F3FA70277CAE58009ABA39 /* ListProject */ = {
			isa = PBXGroup;
			children = (
				83F3FA95277CBA7C009ABA39 /* CoreData */,
				83F3FA92277CBA4B009ABA39 /* Assets */,
				83F3FA91277CBA2D009ABA39 /* Comman */,
				83F3FA90277CB9EC009ABA39 /* StoryBoard */,
				83F3FA8F277CB9D8009ABA39 /* View */,
				83F3FA96277CC041009ABA39 /* ViewModel */,
				83F3FA8C277CAFBA009ABA39 /* Model */,
				83F3FA88277CAE67009ABA39 /* APIService */,
			);
			path = ListProject;
			sourceTree = "<group>";
		};
		83F3FA88277CAE67009ABA39 /* APIService */ = {
			isa = PBXGroup;
			children = (
				83F3FA89277CAE83009ABA39 /* API.swift */,
			);
			path = APIService;
			sourceTree = "<group>";
		};
		83F3FA8C277CAFBA009ABA39 /* Model */ = {
			isa = PBXGroup;
			children = (
				83F3FA8D277CAFF6009ABA39 /* Employee.swift */,
			);
			path = Model;
			sourceTree = "<group>";
		};
		83F3FA8F277CB9D8009ABA39 /* View */ = {
			isa = PBXGroup;
			children = (
				83F3FA9A277CCE67009ABA39 /* Cells */,
				83F3FA99277CCE5A009ABA39 /* Controllers  */,
			);
			path = View;
			sourceTree = "<group>";
		};
		83F3FA90277CB9EC009ABA39 /* StoryBoard */ = {
			isa = PBXGroup;
			children = (
				83F3FA77277CAE58009ABA39 /* Main.storyboard */,
			);
			path = StoryBoard;
			sourceTree = "<group>";
		};
		83F3FA91277CBA2D009ABA39 /* Comman */ = {
			isa = PBXGroup;
			children = (
				83F3FA71277CAE58009ABA39 /* AppDelegate.swift */,
				83F3FA73277CAE58009ABA39 /* SceneDelegate.swift */,
			);
			path = Comman;
			sourceTree = "<group>";
		};
		83F3FA92277CBA4B009ABA39 /* Assets */ = {
			isa = PBXGroup;
			children = (
				83F3FA7D277CAE5A009ABA39 /* Assets.xcassets */,
				83F3FA7F277CAE5A009ABA39 /* LaunchScreen.storyboard */,
			);
			path = Assets;
			sourceTree = "<group>";
		};
		83F3FA95277CBA7C009ABA39 /* CoreData */ = {
			isa = PBXGroup;
			children = (
				8301697D277CF0AB000FFB0F /* Employ+CoreDataClass.swift */,
				8301697E277CF0AB000FFB0F /* Employ+CoreDataProperties.swift */,
				83F3FA7A277CAE58009ABA39 /* ListProject.xcdatamodeld */,
			);
			path = CoreData;
			sourceTree = "<group>";
		};
		83F3FA96277CC041009ABA39 /* ViewModel */ = {
			isa = PBXGroup;
			children = (
				83F3FA97277CC06C009ABA39 /* ListViewModel.swift */,
			);
			path = ViewModel;
			sourceTree = "<group>";
		};
		83F3FA99277CCE5A009ABA39 /* Controllers  */ = {
			isa = PBXGroup;
			children = (
				83F3FA75277CAE58009ABA39 /* ViewController.swift */,
			);
			path = "Controllers ";
			sourceTree = "<group>";
		};
		83F3FA9A277CCE67009ABA39 /* Cells */ = {
			isa = PBXGroup;
			children = (
				83F3FA9B277CCE97009ABA39 /* ListTableViewCell.swift */,
				83F3FA9C277CCE97009ABA39 /* ListTableViewCell.xib */,
			);
			path = Cells;
			sourceTree = "<group>";
		};
/* End PBXGroup section */

/* Begin PBXNativeTarget section */
		83F3FA6D277CAE58009ABA39 /* ListProject */ = {
			isa = PBXNativeTarget;
			buildConfigurationList = 83F3FA85277CAE5A009ABA39 /* Build configuration list for PBXNativeTarget "ListProject" */;
			buildPhases = (
				83F3FA6A277CAE58009ABA39 /* Sources */,
				83F3FA6B277CAE58009ABA39 /* Frameworks */,
				83F3FA6C277CAE58009ABA39 /* Resources */,
			);
			buildRules = (
			);
			dependencies = (
			);
			name = ListProject;
			productName = ListProject;
			productReference = 83F3FA6E277CAE58009ABA39 /* ListProject.app */;
			productType = "com.apple.product-type.application";
		};
/* End PBXNativeTarget section */

/* Begin PBXProject section */
		83F3FA66277CAE58009ABA39 /* Project object */ = {
			isa = PBXProject;
			attributes = {
				BuildIndependentTargetsInParallel = 1;
				LastSwiftUpdateCheck = 1310;
				LastUpgradeCheck = 1310;
				TargetAttributes = {
					83F3FA6D277CAE58009ABA39 = {
						CreatedOnToolsVersion = 13.1;
					};
				};
			};
			buildConfigurationList = 83F3FA69277CAE58009ABA39 /* Build configuration list for PBXProject "ListProject" */;
			compatibilityVersion = "Xcode 13.0";
			developmentRegion = en;
			hasScannedForEncodings = 0;
			knownRegions = (
				en,
				Base,
			);
			mainGroup = 83F3FA65277CAE58009ABA39;
			productRefGroup = 83F3FA6F277CAE58009ABA39 /* Products */;
			projectDirPath = "";
			projectRoot = "";
			targets = (
				83F3FA6D277CAE58009ABA39 /* ListProject */,
			);
		};
/* End PBXProject section */

/* Begin PBXResourcesBuildPhase section */
		83F3FA6C277CAE58009ABA39 /* Resources */ = {
			isa = PBXResourcesBuildPhase;
			buildActionMask = 2147483647;
			files = (
				83F3FA81277CAE5A009ABA39 /* LaunchScreen.storyboard in Resources */,
				83F3FA9E277CCE97009ABA39 /* ListTableViewCell.xib in Resources */,
				83F3FA7E277CAE5A009ABA39 /* Assets.xcassets in Resources */,
				83F3FA79277CAE58009ABA39 /* Main.storyboard in Resources */,
			);
			runOnlyForDeploymentPostprocessing = 0;
		};
/* End PBXResourcesBuildPhase section */

/* Begin PBXSourcesBuildPhase section */
		83F3FA6A277CAE58009ABA39 /* Sources */ = {
			isa = PBXSourcesBuildPhase;
			buildActionMask = 2147483647;
			files = (
				83F3FA76277CAE58009ABA39 /* ViewController.swift in Sources */,
				83F3FA9D277CCE97009ABA39 /* ListTableViewCell.swift in Sources */,
				83F3FA8E277CAFF6009ABA39 /* Employee.swift in Sources */,
				83F3FA98277CC06C009ABA39 /* ListViewModel.swift in Sources */,
				83F3FA72277CAE58009ABA39 /* AppDelegate.swift in Sources */,
				83F3FA74277CAE58009ABA39 /* SceneDelegate.swift in Sources */,
				83F3FA7C277CAE58009ABA39 /* ListProject.xcdatamodeld in Sources */,
				83F3FA8A277CAE83009ABA39 /* API.swift in Sources */,
			);
			runOnlyForDeploymentPostprocessing = 0;
		};
/* End PBXSourcesBuildPhase section */

/* Begin PBXVariantGroup section */
		83F3FA77277CAE58009ABA39 /* Main.storyboard */ = {
			isa = PBXVariantGroup;
			children = (
				83F3FA78277CAE58009ABA39 /* Base */,
			);
			name = Main.storyboard;
			sourceTree = "<group>";
		};
		83F3FA7F277CAE5A009ABA39 /* LaunchScreen.storyboard */ = {
			isa = PBXVariantGroup;
			children = (
				83F3FA80277CAE5A009ABA39 /* Base */,
			);
			name = LaunchScreen.storyboard;
			sourceTree = "<group>";
		};
/* End PBXVariantGroup section */

/* Begin XCBuildConfiguration section */
		83F3FA83277CAE5A009ABA39 /* Debug */ = {
			isa = XCBuildConfiguration;
			buildSettings = {
				ALWAYS_SEARCH_USER_PATHS = NO;
				CLANG_ANALYZER_NONNULL = YES;
				CLANG_ANALYZER_NUMBER_OBJECT_CONVERSION = YES_AGGRESSIVE;
				CLANG_CXX_LANGUAGE_STANDARD = "gnu++17";
				CLANG_CXX_LIBRARY = "libc++";
				CLANG_ENABLE_MODULES = YES;
				CLANG_ENABLE_OBJC_ARC = YES;
				CLANG_ENABLE_OBJC_WEAK = YES;
				CLANG_WARN_BLOCK_CAPTURE_AUTORELEASING = YES;
				CLANG_WARN_BOOL_CONVERSION = YES;
				CLANG_WARN_COMMA = YES;
				CLANG_WARN_CONSTANT_CONVERSION = YES;
				CLANG_WARN_DEPRECATED_OBJC_IMPLEMENTATIONS = YES;
				CLANG_WARN_DIRECT_OBJC_ISA_USAGE = YES_ERROR;
				CLANG_WARN_DOCUMENTATION_COMMENTS = YES;
				CLANG_WARN_EMPTY_BODY = YES;
				CLANG_WARN_ENUM_CONVERSION = YES;
				CLANG_WARN_INFINITE_RECURSION = YES;
				CLANG_WARN_INT_CONVERSION = YES;
				CLANG_WARN_NON_LITERAL_NULL_CONVERSION = YES;
				CLANG_WARN_OBJC_IMPLICIT_RETAIN_SELF = YES;
				CLANG_WARN_OBJC_LITERAL_CONVERSION = YES;
				CLANG_WARN_OBJC_ROOT_CLASS = YES_ERROR;
				CLANG_WARN_QUOTED_INCLUDE_IN_FRAMEWORK_HEADER = YES;
				CLANG_WARN_RANGE_LOOP_ANALYSIS = YES;
				CLANG_WARN_STRICT_PROTOTYPES = YES;
				CLANG_WARN_SUSPICIOUS_MOVE = YES;
				CLANG_WARN_UNGUARDED_AVAILABILITY = YES_AGGRESSIVE;
				CLANG_WARN_UNREACHABLE_CODE = YES;
				CLANG_WARN__DUPLICATE_METHOD_MATCH = YES;
				COPY_PHASE_STRIP = NO;
				DEBUG_INFORMATION_FORMAT = dwarf;
				ENABLE_STRICT_OBJC_MSGSEND = YES;
				ENABLE_TESTABILITY = YES;
				GCC_C_LANGUAGE_STANDARD = gnu11;
				GCC_DYNAMIC_NO_PIC = NO;
				GCC_NO_COMMON_BLOCKS = YES;
				GCC_OPTIMIZATION_LEVEL = 0;
				GCC_PREPROCESSOR_DEFINITIONS = (
					"DEBUG=1",
					"$(inherited)",
				);
				GCC_WARN_64_TO_32_BIT_CONVERSION = YES;
				GCC_WARN_ABOUT_RETURN_TYPE = YES_ERROR;
				GCC_WARN_UNDECLARED_SELECTOR = YES;
				GCC_WARN_UNINITIALIZED_AUTOS = YES_AGGRESSIVE;
				GCC_WARN_UNUSED_FUNCTION = YES;
				GCC_WARN_UNUSED_VARIABLE = YES;
				IPHONEOS_DEPLOYMENT_TARGET = 15.0;
				MTL_ENABLE_DEBUG_INFO = INCLUDE_SOURCE;
				MTL_FAST_MATH = YES;
				ONLY_ACTIVE_ARCH = YES;
				SDKROOT = iphoneos;
				SWIFT_ACTIVE_COMPILATION_CONDITIONS = DEBUG;
				SWIFT_OPTIMIZATION_LEVEL = "-Onone";
			};
			name = Debug;
		};
		83F3FA84277CAE5A009ABA39 /* Release */ = {
			isa = XCBuildConfiguration;
			buildSettings = {
				ALWAYS_SEARCH_USER_PATHS = NO;
				CLANG_ANALYZER_NONNULL = YES;
				CLANG_ANALYZER_NUMBER_OBJECT_CONVERSION = YES_AGGRESSIVE;
				CLANG_CXX_LANGUAGE_STANDARD = "gnu++17";
				CLANG_CXX_LIBRARY = "libc++";
				CLANG_ENABLE_MODULES = YES;
				CLANG_ENABLE_OBJC_ARC = YES;
				CLANG_ENABLE_OBJC_WEAK = YES;
				CLANG_WARN_BLOCK_CAPTURE_AUTORELEASING = YES;
				CLANG_WARN_BOOL_CONVERSION = YES;
				CLANG_WARN_COMMA = YES;
				CLANG_WARN_CONSTANT_CONVERSION = YES;
				CLANG_WARN_DEPRECATED_OBJC_IMPLEMENTATIONS = YES;
				CLANG_WARN_DIRECT_OBJC_ISA_USAGE = YES_ERROR;
				CLANG_WARN_DOCUMENTATION_COMMENTS = YES;
				CLANG_WARN_EMPTY_BODY = YES;
				CLANG_WARN_ENUM_CONVERSION = YES;
				CLANG_WARN_INFINITE_RECURSION = YES;
				CLANG_WARN_INT_CONVERSION = YES;
				CLANG_WARN_NON_LITERAL_NULL_CONVERSION = YES;
				CLANG_WARN_OBJC_IMPLICIT_RETAIN_SELF = YES;
				CLANG_WARN_OBJC_LITERAL_CONVERSION = YES;
				CLANG_WARN_OBJC_ROOT_CLASS = YES_ERROR;
				CLANG_WARN_QUOTED_INCLUDE_IN_FRAMEWORK_HEADER = YES;
				CLANG_WARN_RANGE_LOOP_ANALYSIS = YES;
				CLANG_WARN_STRICT_PROTOTYPES = YES;
				CLANG_WARN_SUSPICIOUS_MOVE = YES;
				CLANG_WARN_UNGUARDED_AVAILABILITY = YES_AGGRESSIVE;
				CLANG_WARN_UNREACHABLE_CODE = YES;
				CLANG_WARN__DUPLICATE_METHOD_MATCH = YES;
				COPY_PHASE_STRIP = NO;
				DEBUG_INFORMATION_FORMAT = "dwarf-with-dsym";
				ENABLE_NS_ASSERTIONS = NO;
				ENABLE_STRICT_OBJC_MSGSEND = YES;
				GCC_C_LANGUAGE_STANDARD = gnu11;
				GCC_NO_COMMON_BLOCKS = YES;
				GCC_WARN_64_TO_32_BIT_CONVERSION = YES;
				GCC_WARN_ABOUT_RETURN_TYPE = YES_ERROR;
				GCC_WARN_UNDECLARED_SELECTOR = YES;
				GCC_WARN_UNINITIALIZED_AUTOS = YES_AGGRESSIVE;
				GCC_WARN_UNUSED_FUNCTION = YES;
				GCC_WARN_UNUSED_VARIABLE = YES;
				IPHONEOS_DEPLOYMENT_TARGET = 15.0;
				MTL_ENABLE_DEBUG_INFO = NO;
				MTL_FAST_MATH = YES;
				SDKROOT = iphoneos;
				SWIFT_COMPILATION_MODE = wholemodule;
				SWIFT_OPTIMIZATION_LEVEL = "-O";
				VALIDATE_PRODUCT = YES;
			};
			name = Release;
		};
		83F3FA86277CAE5A009ABA39 /* Debug */ = {
			isa = XCBuildConfiguration;
			buildSettings = {
				ASSETCATALOG_COMPILER_APPICON_NAME = AppIcon;
				ASSETCATALOG_COMPILER_GLOBAL_ACCENT_COLOR_NAME = AccentColor;
				CODE_SIGN_STYLE = Automatic;
				CURRENT_PROJECT_VERSION = 1;
				DEVELOPMENT_TEAM = "";
				GENERATE_INFOPLIST_FILE = YES;
				INFOPLIST_FILE = /Users/muruganm/Documents/SIVAKUMAR/rattletech/ListProject/Info.plist;
				INFOPLIST_KEY_UIApplicationSupportsIndirectInputEvents = YES;
				INFOPLIST_KEY_UILaunchStoryboardName = LaunchScreen;
				INFOPLIST_KEY_UIMainStoryboardFile = Main;
				INFOPLIST_KEY_UISupportedInterfaceOrientations_iPad = "UIInterfaceOrientationPortrait UIInterfaceOrientationPortraitUpsideDown UIInterfaceOrientationLandscapeLeft UIInterfaceOrientationLandscapeRight";
				INFOPLIST_KEY_UISupportedInterfaceOrientations_iPhone = "UIInterfaceOrientationPortrait UIInterfaceOrientationLandscapeLeft UIInterfaceOrientationLandscapeRight";
				LD_RUNPATH_SEARCH_PATHS = (
					"$(inherited)",
					"@executable_path/Frameworks",
				);
				MARKETING_VERSION = 1.0;
				PRODUCT_BUNDLE_IDENTIFIER = rattletech.ListProject;
				PRODUCT_NAME = "$(TARGET_NAME)";
				SWIFT_EMIT_LOC_STRINGS = YES;
				SWIFT_VERSION = 5.0;
				TARGETED_DEVICE_FAMILY = "1,2";
			};
			name = Debug;
		};
		83F3FA87277CAE5A009ABA39 /* Release */ = {
			isa = XCBuildConfiguration;
			buildSettings = {
				ASSETCATALOG_COMPILER_APPICON_NAME = AppIcon;
				ASSETCATALOG_COMPILER_GLOBAL_ACCENT_COLOR_NAME = AccentColor;
				CODE_SIGN_STYLE = Automatic;
				CURRENT_PROJECT_VERSION = 1;
				DEVELOPMENT_TEAM = "";
				GENERATE_INFOPLIST_FILE = YES;
				INFOPLIST_FILE = /Users/muruganm/Documents/SIVAKUMAR/rattletech/ListProject/Info.plist;
				INFOPLIST_KEY_UIApplicationSupportsIndirectInputEvents = YES;
				INFOPLIST_KEY_UILaunchStoryboardName = LaunchScreen;
				INFOPLIST_KEY_UIMainStoryboardFile = Main;
				INFOPLIST_KEY_UISupportedInterfaceOrientations_iPad = "UIInterfaceOrientationPortrait UIInterfaceOrientationPortraitUpsideDown UIInterfaceOrientationLandscapeLeft UIInterfaceOrientationLandscapeRight";
				INFOPLIST_KEY_UISupportedInterfaceOrientations_iPhone = "UIInterfaceOrientationPortrait UIInterfaceOrientationLandscapeLeft UIInterfaceOrientationLandscapeRight";
				LD_RUNPATH_SEARCH_PATHS = (
					"$(inherited)",
					"@executable_path/Frameworks",
				);
				MARKETING_VERSION = 1.0;
				PRODUCT_BUNDLE_IDENTIFIER = rattletech.ListProject;
				PRODUCT_NAME = "$(TARGET_NAME)";
				SWIFT_EMIT_LOC_STRINGS = YES;
				SWIFT_VERSION = 5.0;
				TARGETED_DEVICE_FAMILY = "1,2";
			};
			name = Release;
		};
/* End XCBuildConfiguration section */

/* Begin XCConfigurationList section */
		83F3FA69277CAE58009ABA39 /* Build configuration list for PBXProject "ListProject" */ = {
			isa = XCConfigurationList;
			buildConfigurations = (
				83F3FA83277CAE5A009ABA39 /* Debug */,
				83F3FA84277CAE5A009ABA39 /* Release */,
			);
			defaultConfigurationIsVisible = 0;
			defaultConfigurationName = Release;
		};
		83F3FA85277CAE5A009ABA39 /* Build configuration list for PBXNativeTarget "ListProject" */ = {
			isa = XCConfigurationList;
			buildConfigurations = (
				83F3FA86277CAE5A009ABA39 /* Debug */,
				83F3FA87277CAE5A009ABA39 /* Release */,
			);
			defaultConfigurationIsVisible = 0;
			defaultConfigurationName = Release;
		};
/* End XCConfigurationList section */

/* Begin XCVersionGroup section */
		83F3FA7A277CAE58009ABA39 /* ListProject.xcdatamodeld */ = {
			isa = XCVersionGroup;
			children = (
				83F3FA7B277CAE58009ABA39 /* ListProject.xcdatamodel */,
			);
			currentVersion = 83F3FA7B277CAE58009ABA39 /* ListProject.xcdatamodel */;
			path = ListProject.xcdatamodeld;
			sourceTree = "<group>";
			versionGroupType = wrapper.xcdatamodel;
		};
/* End XCVersionGroup section */
	};
	rootObject = 83F3FA66277CAE58009ABA39 /* Project object */;
}
